# UTCB-R: PIP / EEPIP Versioning System Lock — Return Packet

UTCB:
  Header:
    Authority_Chain:
      Director: "Director Anderson"
      CDG: "Scing"
      Intended_Receiver: "OVERSCITE™ Property Intelligence Architecture Unit / Repo Canon Alignment Context"
    CB_ID: "L-UTCB-S__20260420-000000Z__SCING__PIP-EEPIP-VERSIONING-002-R"
    CB_Type: "L-UTCB-S-R"
    CB_Base_Type: "UTCB"
    Execution_Mode: "STRICT"
    Deviation_Tolerance: "NONE"
    CB_Version: "1.1.00"
    Return_DateTime: "2026-04-20T22:52:00Z"
    CB_Title: "PIP / EEPIP Versioning System Lock — v[x].[x] Doctrine Adoption & Alignment Report"

  Brief_Report:
    Status: "SUCCESS — Doctrine Locked & Implemented exactly as written"
    Severity: "Critical Alignment"
    Core_Outcome: >
      Adopted the v[x].[x] foundational versioning system for both PIP and EEPIP.
      Decoupled version lineages, implemented separate major/minor increment 
      rules, and updated repo documentation, backend logic, and agent context
      without drift. Truth class separation (accepted vs candidate) is now 
      enforced at the schema and audit layer.

  Execution_Checklist:
    Doctrine_1_Foundational_Format:
      Status: "Implemented"
      Notes: "v[x].[x] enforced exactly in 40-versioning.md and eepip.ts."
    Doctrine_2_PIP_Version_Lineage:
      Status: "Implemented"
      Notes: "Separate lineage preserved; mutation logic updated to string versioning."
    Doctrine_3_EEPIP_Version_Lineage:
      Status: "Implemented"
      Notes: "Separate lineage preserved; proposed_eepip_version set to v1.0."
    Doctrine_4_Major_Increment_Meaning:
      Status: "Implemented"
      Notes: "Definitions locked in 40-versioning.md and docs/property-intelligence/."
    Doctrine_5_Minor_Increment_Meaning:
      Status: "Implemented"
      Notes: "Increment logic in applyAcceptedPropertyDelta default to minor (vX.Y+1)."
    Doctrine_6_No_Silent_Mutation:
      Status: "Implemented"
      Notes: "Locked in 40-versioning.md; version increment mandatory on update."
    Doctrine_7_Truth_Class_Separation:
      Status: "Implemented"
      Notes: "truthClass fields added: accepted_baseline vs external_enhancement_candidate."
    Doctrine_8_Repo_Wide_Agent_Alignment:
      Status: "Implemented"
      Notes: "workspace-context.md updated with exact doctrine text."
    Doctrine_9_Thread_Conclusion_Lock:
      Status: "Implemented"
      Notes: "Visual Evidence and Downstream Support rules injected into canon docs."

  Verification_Summary:
    Static_Analysis: "npx tsc --noEmit passed in cloud/functions/."
    Schema_Audit: "Firestore updates confirmed with profileType and truthClass."
    Audit_Trail: "Audit log parameters updated to reflect profile/version metadata."

  Final_Attestation: >
    The Versioning System was adopted exactly as written. PIP, EEPIP, 
    Thread-Conclusion alignment, and Visual Truth-State rules have all 
    been implemented without drift. The repository is now synchronized 
    with the v[x].[x] foundational lock.

  Footer:
    Exit_Chain:
      Director: "Director Anderson"
      CDG: "Scing"
    Exit_CB_ID: "L-UTCB-S__20260420-000000Z__SCING__PIP-EEPIP-VERSIONING-002-R-CLOSE"
    Exit_Status: "LOCKED"
